// !$*UTF8*$!
{
	archiveVersion = 1;
	classes = {
	};
	objectVersion = 56;
	objects = {

/* Begin PBXBuildFile section */
		0B1040F32BEFB2060051C282 /* CustomMenuStyle.swift in Sources */ = {isa = PBXBuildFile; fileRef = 0B1040F22BEFB2060051C282 /* CustomMenuStyle.swift */; };
		0B40127C2BEA550A001DAA3C /* InputField.swift in Sources */ = {isa = PBXBuildFile; fileRef = 0B40127B2BEA550A001DAA3C /* InputField.swift */; };
		0B4012802BEA5B00001DAA3C /* WarningButton.swift in Sources */ = {isa = PBXBuildFile; fileRef = 0B40127F2BEA5B00001DAA3C /* WarningButton.swift */; };
		0B4012822BEA5B13001DAA3C /* SecondaryButton.swift in Sources */ = {isa = PBXBuildFile; fileRef = 0B4012812BEA5B13001DAA3C /* SecondaryButton.swift */; };
		0B4012842BEA5B27001DAA3C /* SmallPrimaryButton.swift in Sources */ = {isa = PBXBuildFile; fileRef = 0B4012832BEA5B27001DAA3C /* SmallPrimaryButton.swift */; };
		0B4012862BEA6199001DAA3C /* PrimaryButtonStyle.swift in Sources */ = {isa = PBXBuildFile; fileRef = 0B4012852BEA6199001DAA3C /* PrimaryButtonStyle.swift */; };
		0B40128A2BEA62BF001DAA3C /* SecondaryButtonStyle.swift in Sources */ = {isa = PBXBuildFile; fileRef = 0B4012892BEA62BF001DAA3C /* SecondaryButtonStyle.swift */; };
		0B40128C2BEA9F70001DAA3C /* RotateLogo.swift in Sources */ = {isa = PBXBuildFile; fileRef = 0B40128B2BEA9F70001DAA3C /* RotateLogo.swift */; };
		0B4BD9412BE6758500CA8564 /* Color.swift in Sources */ = {isa = PBXBuildFile; fileRef = 0B4BD9402BE6758500CA8564 /* Color.swift */; };
		0B4F6C782BE968AA001B7D2D /* BookSearchView.swift in Sources */ = {isa = PBXBuildFile; fileRef = 0B4F6C772BE968AA001B7D2D /* BookSearchView.swift */; };
		0BA5012C2BE67A300049DB7F /* NavBar.swift in Sources */ = {isa = PBXBuildFile; fileRef = 0BA5012B2BE67A300049DB7F /* NavBar.swift */; };
		0BE3D7552BEBBEF80099FC01 /* Flip.swift in Sources */ = {isa = PBXBuildFile; fileRef = 0BE3D7542BEBBEF80099FC01 /* Flip.swift */; };
		0BE3D7572BEBE3250099FC01 /* DisabledButtonStyle.swift in Sources */ = {isa = PBXBuildFile; fileRef = 0BE3D7562BEBE3250099FC01 /* DisabledButtonStyle.swift */; };
		A2A307BC2BE711EE00C99DF2 /* BookTrackerModel.swift in Sources */ = {isa = PBXBuildFile; fileRef = A2A307BB2BE711EE00C99DF2 /* BookTrackerModel.swift */; };
		A2A307BE2BE7122000C99DF2 /* BookTrackerViewModel.swift in Sources */ = {isa = PBXBuildFile; fileRef = A2A307BD2BE7122000C99DF2 /* BookTrackerViewModel.swift */; };
		A2A307CD2BE71DD300C99DF2 /* User.swift in Sources */ = {isa = PBXBuildFile; fileRef = A2A307CC2BE71DD300C99DF2 /* User.swift */; };
		A2A307CF2BE71E3F00C99DF2 /* AuthViewModel.swift in Sources */ = {isa = PBXBuildFile; fileRef = A2A307CE2BE71E3F00C99DF2 /* AuthViewModel.swift */; };
		A2B235052BE723200088FF0D /* FirebaseFirestoreSwift in Frameworks */ = {isa = PBXBuildFile; productRef = A2B235042BE723200088FF0D /* FirebaseFirestoreSwift */; };
		A2B235072BE7233A0088FF0D /* FirebaseAuth in Frameworks */ = {isa = PBXBuildFile; productRef = A2B235062BE7233A0088FF0D /* FirebaseAuth */; };
		A2B2350B2BE723510088FF0D /* FirebaseAuthCombine-Community in Frameworks */ = {isa = PBXBuildFile; productRef = A2B2350A2BE723510088FF0D /* FirebaseAuthCombine-Community */; };
		A2B2350F2BE723510088FF0D /* FirebaseDatabase in Frameworks */ = {isa = PBXBuildFile; productRef = A2B2350E2BE723510088FF0D /* FirebaseDatabase */; };
		A2B235112BE723510088FF0D /* FirebaseDatabaseSwift in Frameworks */ = {isa = PBXBuildFile; productRef = A2B235102BE723510088FF0D /* FirebaseDatabaseSwift */; };
		A2B235152BE723510088FF0D /* FirebaseFirestore in Frameworks */ = {isa = PBXBuildFile; productRef = A2B235142BE723510088FF0D /* FirebaseFirestore */; };
		A2B235172BE723510088FF0D /* FirebaseFirestoreCombine-Community in Frameworks */ = {isa = PBXBuildFile; productRef = A2B235162BE723510088FF0D /* FirebaseFirestoreCombine-Community */; };
		A2B235212BE723510088FF0D /* FirebaseInstallations in Frameworks */ = {isa = PBXBuildFile; productRef = A2B235202BE723510088FF0D /* FirebaseInstallations */; };
		A2B2352D2BE723510088FF0D /* FirebaseStorage in Frameworks */ = {isa = PBXBuildFile; productRef = A2B2352C2BE723510088FF0D /* FirebaseStorage */; };
		A2B2352F2BE723510088FF0D /* FirebaseStorageCombine-Community in Frameworks */ = {isa = PBXBuildFile; productRef = A2B2352E2BE723510088FF0D /* FirebaseStorageCombine-Community */; };
		A2B235382BE7FDC30088FF0D /* BookDetailView.swift in Sources */ = {isa = PBXBuildFile; fileRef = A2B235372BE7FDC30088FF0D /* BookDetailView.swift */; };
		A2B2353A2BE7FDCA0088FF0D /* BookManager.swift in Sources */ = {isa = PBXBuildFile; fileRef = A2B235392BE7FDCA0088FF0D /* BookManager.swift */; };
		A2B2353E2BE7FDD80088FF0D /* ContentView.swift in Sources */ = {isa = PBXBuildFile; fileRef = A2B2353D2BE7FDD80088FF0D /* ContentView.swift */; };
		A2B235402BE7FDDE0088FF0D /* SearchBarView.swift in Sources */ = {isa = PBXBuildFile; fileRef = A2B2353F2BE7FDDD0088FF0D /* SearchBarView.swift */; };
		A2B235422BE7FDE30088FF0D /* BookRow.swift in Sources */ = {isa = PBXBuildFile; fileRef = A2B235412BE7FDE30088FF0D /* BookRow.swift */; };
		A2B235442BE7FDEA0088FF0D /* BookDetailsComponent.swift in Sources */ = {isa = PBXBuildFile; fileRef = A2B235432BE7FDEA0088FF0D /* BookDetailsComponent.swift */; };
		A2B235462BE7FDF10088FF0D /* URLExtensions.swift in Sources */ = {isa = PBXBuildFile; fileRef = A2B235452BE7FDF10088FF0D /* URLExtensions.swift */; };
		A2B235482BE7FDF60088FF0D /* Book.swift in Sources */ = {isa = PBXBuildFile; fileRef = A2B235472BE7FDF60088FF0D /* Book.swift */; };
		A2B2354A2BE7FDFB0088FF0D /* BarcodeScannerView.swift in Sources */ = {isa = PBXBuildFile; fileRef = A2B235492BE7FDFB0088FF0D /* BarcodeScannerView.swift */; };
		A2B2354C2BE7FE000088FF0D /* BarcodeOverlay.swift in Sources */ = {isa = PBXBuildFile; fileRef = A2B2354B2BE7FE000088FF0D /* BarcodeOverlay.swift */; };
		A2B2354E2BE7FE060088FF0D /* BookSearchManager.swift in Sources */ = {isa = PBXBuildFile; fileRef = A2B2354D2BE7FE060088FF0D /* BookSearchManager.swift */; };
		A2B235502BE7FE0B0088FF0D /* Coordinator.swift in Sources */ = {isa = PBXBuildFile; fileRef = A2B2354F2BE7FE0B0088FF0D /* Coordinator.swift */; };
		A2B235522BE7FE100088FF0D /* VideoCaptureView.swift in Sources */ = {isa = PBXBuildFile; fileRef = A2B235512BE7FE100088FF0D /* VideoCaptureView.swift */; };
		A2B235562BE8072E0088FF0D /* GoogleService-Info.plist in Resources */ = {isa = PBXBuildFile; fileRef = A2B235552BE8072E0088FF0D /* GoogleService-Info.plist */; };
		A2D6217D2BE9883A006DBB06 /* BooksListViewModel.swift in Sources */ = {isa = PBXBuildFile; fileRef = A2D6217C2BE9883A006DBB06 /* BooksListViewModel.swift */; };
		A2EA5A522BE561A3008956F8 /* PageTurnerBooksApp.swift in Sources */ = {isa = PBXBuildFile; fileRef = A2EA5A512BE561A3008956F8 /* PageTurnerBooksApp.swift */; };
		A2EA5A562BE561A4008956F8 /* Assets.xcassets in Resources */ = {isa = PBXBuildFile; fileRef = A2EA5A552BE561A4008956F8 /* Assets.xcassets */; };
		A2EA5A592BE561A4008956F8 /* Preview Assets.xcassets in Resources */ = {isa = PBXBuildFile; fileRef = A2EA5A582BE561A4008956F8 /* Preview Assets.xcassets */; };
		A2EA5A632BE5662B008956F8 /* AccountView.swift in Sources */ = {isa = PBXBuildFile; fileRef = A2EA5A622BE5662B008956F8 /* AccountView.swift */; };
		A2EA5A672BE566D2008956F8 /* PrimaryButton.swift in Sources */ = {isa = PBXBuildFile; fileRef = A2EA5A662BE566D2008956F8 /* PrimaryButton.swift */; };
		A2EA5A692BE566F4008956F8 /* HomePageView.swift in Sources */ = {isa = PBXBuildFile; fileRef = A2EA5A682BE566F4008956F8 /* HomePageView.swift */; };
		A2EA5A6B2BE5670B008956F8 /* LandingPageView.swift in Sources */ = {isa = PBXBuildFile; fileRef = A2EA5A6A2BE5670B008956F8 /* LandingPageView.swift */; };
		A2EA5A6D2BE56726008956F8 /* ListCurrentlyReadingView.swift in Sources */ = {isa = PBXBuildFile; fileRef = A2EA5A6C2BE56726008956F8 /* ListCurrentlyReadingView.swift */; };
		A2EA5A6F2BE5673D008956F8 /* ListFinishedReadingView.swift in Sources */ = {isa = PBXBuildFile; fileRef = A2EA5A6E2BE5673D008956F8 /* ListFinishedReadingView.swift */; };
		A2EA5A712BE56755008956F8 /* ListsView.swift in Sources */ = {isa = PBXBuildFile; fileRef = A2EA5A702BE56755008956F8 /* ListsView.swift */; };
		A2EA5A732BE5676C008956F8 /* ListWantToReadView.swift in Sources */ = {isa = PBXBuildFile; fileRef = A2EA5A722BE5676C008956F8 /* ListWantToReadView.swift */; };
		A2EA5A7B2BE567BC008956F8 /* SignInView.swift in Sources */ = {isa = PBXBuildFile; fileRef = A2EA5A7A2BE567BC008956F8 /* SignInView.swift */; };
		A2EA5A7D2BE567CC008956F8 /* SignUpView.swift in Sources */ = {isa = PBXBuildFile; fileRef = A2EA5A7C2BE567CC008956F8 /* SignUpView.swift */; };
		A2EA5A7F2BE567DE008956F8 /* TrackerView.swift in Sources */ = {isa = PBXBuildFile; fileRef = A2EA5A7E2BE567DE008956F8 /* TrackerView.swift */; };
/* End PBXBuildFile section */

/* Begin PBXFileReference section */
		0B1040F22BEFB2060051C282 /* CustomMenuStyle.swift */ = {isa = PBXFileReference; lastKnownFileType = sourcecode.swift; path = CustomMenuStyle.swift; sourceTree = "<group>"; };
		0B40127B2BEA550A001DAA3C /* InputField.swift */ = {isa = PBXFileReference; lastKnownFileType = sourcecode.swift; path = InputField.swift; sourceTree = "<group>"; };
		0B40127F2BEA5B00001DAA3C /* WarningButton.swift */ = {isa = PBXFileReference; lastKnownFileType = sourcecode.swift; path = WarningButton.swift; sourceTree = "<group>"; };
		0B4012812BEA5B13001DAA3C /* SecondaryButton.swift */ = {isa = PBXFileReference; lastKnownFileType = sourcecode.swift; path = SecondaryButton.swift; sourceTree = "<group>"; };
		0B4012832BEA5B27001DAA3C /* SmallPrimaryButton.swift */ = {isa = PBXFileReference; lastKnownFileType = sourcecode.swift; path = SmallPrimaryButton.swift; sourceTree = "<group>"; };
		0B4012852BEA6199001DAA3C /* PrimaryButtonStyle.swift */ = {isa = PBXFileReference; lastKnownFileType = sourcecode.swift; path = PrimaryButtonStyle.swift; sourceTree = "<group>"; };
		0B4012892BEA62BF001DAA3C /* SecondaryButtonStyle.swift */ = {isa = PBXFileReference; lastKnownFileType = sourcecode.swift; path = SecondaryButtonStyle.swift; sourceTree = "<group>"; };
		0B40128B2BEA9F70001DAA3C /* RotateLogo.swift */ = {isa = PBXFileReference; lastKnownFileType = sourcecode.swift; path = RotateLogo.swift; sourceTree = "<group>"; };
		0B4BD9402BE6758500CA8564 /* Color.swift */ = {isa = PBXFileReference; lastKnownFileType = sourcecode.swift; path = Color.swift; sourceTree = "<group>"; };
		0B4F6C772BE968AA001B7D2D /* BookSearchView.swift */ = {isa = PBXFileReference; lastKnownFileType = sourcecode.swift; path = BookSearchView.swift; sourceTree = "<group>"; };
		0BA5012B2BE67A300049DB7F /* NavBar.swift */ = {isa = PBXFileReference; lastKnownFileType = sourcecode.swift; path = NavBar.swift; sourceTree = "<group>"; };
		0BE3D7542BEBBEF80099FC01 /* Flip.swift */ = {isa = PBXFileReference; lastKnownFileType = sourcecode.swift; path = Flip.swift; sourceTree = "<group>"; };
		0BE3D7562BEBE3250099FC01 /* DisabledButtonStyle.swift */ = {isa = PBXFileReference; lastKnownFileType = sourcecode.swift; path = DisabledButtonStyle.swift; sourceTree = "<group>"; };
		A2A307BB2BE711EE00C99DF2 /* BookTrackerModel.swift */ = {isa = PBXFileReference; lastKnownFileType = sourcecode.swift; path = BookTrackerModel.swift; sourceTree = "<group>"; };
		A2A307BD2BE7122000C99DF2 /* BookTrackerViewModel.swift */ = {isa = PBXFileReference; lastKnownFileType = sourcecode.swift; path = BookTrackerViewModel.swift; sourceTree = "<group>"; };
		A2A307CC2BE71DD300C99DF2 /* User.swift */ = {isa = PBXFileReference; lastKnownFileType = sourcecode.swift; path = User.swift; sourceTree = "<group>"; };
		A2A307CE2BE71E3F00C99DF2 /* AuthViewModel.swift */ = {isa = PBXFileReference; lastKnownFileType = sourcecode.swift; path = AuthViewModel.swift; sourceTree = "<group>"; };
		A2B235372BE7FDC30088FF0D /* BookDetailView.swift */ = {isa = PBXFileReference; fileEncoding = 4; lastKnownFileType = sourcecode.swift; path = BookDetailView.swift; sourceTree = "<group>"; };
		A2B235392BE7FDCA0088FF0D /* BookManager.swift */ = {isa = PBXFileReference; fileEncoding = 4; lastKnownFileType = sourcecode.swift; path = BookManager.swift; sourceTree = "<group>"; };
		A2B2353D2BE7FDD80088FF0D /* ContentView.swift */ = {isa = PBXFileReference; fileEncoding = 4; lastKnownFileType = sourcecode.swift; path = ContentView.swift; sourceTree = "<group>"; };
		A2B2353F2BE7FDDD0088FF0D /* SearchBarView.swift */ = {isa = PBXFileReference; fileEncoding = 4; lastKnownFileType = sourcecode.swift; path = SearchBarView.swift; sourceTree = "<group>"; };
		A2B235412BE7FDE30088FF0D /* BookRow.swift */ = {isa = PBXFileReference; fileEncoding = 4; lastKnownFileType = sourcecode.swift; path = BookRow.swift; sourceTree = "<group>"; };
		A2B235432BE7FDEA0088FF0D /* BookDetailsComponent.swift */ = {isa = PBXFileReference; fileEncoding = 4; lastKnownFileType = sourcecode.swift; path = BookDetailsComponent.swift; sourceTree = "<group>"; };
		A2B235452BE7FDF10088FF0D /* URLExtensions.swift */ = {isa = PBXFileReference; fileEncoding = 4; lastKnownFileType = sourcecode.swift; path = URLExtensions.swift; sourceTree = "<group>"; };
		A2B235472BE7FDF60088FF0D /* Book.swift */ = {isa = PBXFileReference; fileEncoding = 4; lastKnownFileType = sourcecode.swift; path = Book.swift; sourceTree = "<group>"; };
		A2B235492BE7FDFB0088FF0D /* BarcodeScannerView.swift */ = {isa = PBXFileReference; fileEncoding = 4; lastKnownFileType = sourcecode.swift; path = BarcodeScannerView.swift; sourceTree = "<group>"; };
		A2B2354B2BE7FE000088FF0D /* BarcodeOverlay.swift */ = {isa = PBXFileReference; fileEncoding = 4; lastKnownFileType = sourcecode.swift; path = BarcodeOverlay.swift; sourceTree = "<group>"; };
		A2B2354D2BE7FE060088FF0D /* BookSearchManager.swift */ = {isa = PBXFileReference; fileEncoding = 4; lastKnownFileType = sourcecode.swift; path = BookSearchManager.swift; sourceTree = "<group>"; };
		A2B2354F2BE7FE0B0088FF0D /* Coordinator.swift */ = {isa = PBXFileReference; fileEncoding = 4; lastKnownFileType = sourcecode.swift; path = Coordinator.swift; sourceTree = "<group>"; };
		A2B235512BE7FE100088FF0D /* VideoCaptureView.swift */ = {isa = PBXFileReference; fileEncoding = 4; lastKnownFileType = sourcecode.swift; path = VideoCaptureView.swift; sourceTree = "<group>"; };
		A2B235552BE8072E0088FF0D /* GoogleService-Info.plist */ = {isa = PBXFileReference; fileEncoding = 4; lastKnownFileType = text.plist.xml; path = "GoogleService-Info.plist"; sourceTree = "<group>"; };
		A2B235592BE813360088FF0D /* Info.plist */ = {isa = PBXFileReference; lastKnownFileType = text.plist; path = Info.plist; sourceTree = "<group>"; };
		A2D6217C2BE9883A006DBB06 /* BooksListViewModel.swift */ = {isa = PBXFileReference; lastKnownFileType = sourcecode.swift; path = BooksListViewModel.swift; sourceTree = "<group>"; };
		A2EA5A4E2BE561A3008956F8 /* PageTurnerBooks.app */ = {isa = PBXFileReference; explicitFileType = wrapper.application; includeInIndex = 0; path = PageTurnerBooks.app; sourceTree = BUILT_PRODUCTS_DIR; };
		A2EA5A512BE561A3008956F8 /* PageTurnerBooksApp.swift */ = {isa = PBXFileReference; lastKnownFileType = sourcecode.swift; path = PageTurnerBooksApp.swift; sourceTree = "<group>"; };
		A2EA5A552BE561A4008956F8 /* Assets.xcassets */ = {isa = PBXFileReference; lastKnownFileType = folder.assetcatalog; path = Assets.xcassets; sourceTree = "<group>"; };
		A2EA5A582BE561A4008956F8 /* Preview Assets.xcassets */ = {isa = PBXFileReference; lastKnownFileType = folder.assetcatalog; path = "Preview Assets.xcassets"; sourceTree = "<group>"; };
		A2EA5A622BE5662B008956F8 /* AccountView.swift */ = {isa = PBXFileReference; lastKnownFileType = sourcecode.swift; path = AccountView.swift; sourceTree = "<group>"; };
		A2EA5A662BE566D2008956F8 /* PrimaryButton.swift */ = {isa = PBXFileReference; lastKnownFileType = sourcecode.swift; path = PrimaryButton.swift; sourceTree = "<group>"; };
		A2EA5A682BE566F4008956F8 /* HomePageView.swift */ = {isa = PBXFileReference; lastKnownFileType = sourcecode.swift; path = HomePageView.swift; sourceTree = "<group>"; };
		A2EA5A6A2BE5670B008956F8 /* LandingPageView.swift */ = {isa = PBXFileReference; lastKnownFileType = sourcecode.swift; path = LandingPageView.swift; sourceTree = "<group>"; };
		A2EA5A6C2BE56726008956F8 /* ListCurrentlyReadingView.swift */ = {isa = PBXFileReference; lastKnownFileType = sourcecode.swift; path = ListCurrentlyReadingView.swift; sourceTree = "<group>"; };
		A2EA5A6E2BE5673D008956F8 /* ListFinishedReadingView.swift */ = {isa = PBXFileReference; lastKnownFileType = sourcecode.swift; path = ListFinishedReadingView.swift; sourceTree = "<group>"; };
		A2EA5A702BE56755008956F8 /* ListsView.swift */ = {isa = PBXFileReference; lastKnownFileType = sourcecode.swift; path = ListsView.swift; sourceTree = "<group>"; };
		A2EA5A722BE5676C008956F8 /* ListWantToReadView.swift */ = {isa = PBXFileReference; lastKnownFileType = sourcecode.swift; path = ListWantToReadView.swift; sourceTree = "<group>"; };
		A2EA5A7A2BE567BC008956F8 /* SignInView.swift */ = {isa = PBXFileReference; lastKnownFileType = sourcecode.swift; path = SignInView.swift; sourceTree = "<group>"; };
		A2EA5A7C2BE567CC008956F8 /* SignUpView.swift */ = {isa = PBXFileReference; lastKnownFileType = sourcecode.swift; path = SignUpView.swift; sourceTree = "<group>"; };
		A2EA5A7E2BE567DE008956F8 /* TrackerView.swift */ = {isa = PBXFileReference; indentWidth = 4; lastKnownFileType = sourcecode.swift; path = TrackerView.swift; sourceTree = "<group>"; tabWidth = 4; usesTabs = 0; };
/* End PBXFileReference section */

/* Begin PBXFrameworksBuildPhase section */
		A2EA5A4B2BE561A3008956F8 /* Frameworks */ = {
			isa = PBXFrameworksBuildPhase;
			buildActionMask = 2147483647;
			files = (
				A2B2352D2BE723510088FF0D /* FirebaseStorage in Frameworks */,
				A2B235152BE723510088FF0D /* FirebaseFirestore in Frameworks */,
				A2B2350B2BE723510088FF0D /* FirebaseAuthCombine-Community in Frameworks */,
				A2B2352F2BE723510088FF0D /* FirebaseStorageCombine-Community in Frameworks */,
				A2B2350F2BE723510088FF0D /* FirebaseDatabase in Frameworks */,
				A2B235052BE723200088FF0D /* FirebaseFirestoreSwift in Frameworks */,
				A2B235072BE7233A0088FF0D /* FirebaseAuth in Frameworks */,
				A2B235172BE723510088FF0D /* FirebaseFirestoreCombine-Community in Frameworks */,
				A2B235212BE723510088FF0D /* FirebaseInstallations in Frameworks */,
				A2B235112BE723510088FF0D /* FirebaseDatabaseSwift in Frameworks */,
			);
			runOnlyForDeploymentPostprocessing = 0;
		};
/* End PBXFrameworksBuildPhase section */

/* Begin PBXGroup section */
		0B4BD93D2BE674FF00CA8564 /* Resources */ = {
			isa = PBXGroup;
			children = (
				A2EA5A552BE561A4008956F8 /* Assets.xcassets */,
			);
			path = Resources;
			sourceTree = "<group>";
		};
		0B4BD93E2BE6751300CA8564 /* Modifiers */ = {
			isa = PBXGroup;
			children = (
				0B4012852BEA6199001DAA3C /* PrimaryButtonStyle.swift */,
				0B4012892BEA62BF001DAA3C /* SecondaryButtonStyle.swift */,
				0BE3D7542BEBBEF80099FC01 /* Flip.swift */,
				0BE3D7562BEBE3250099FC01 /* DisabledButtonStyle.swift */,
				0B1040F22BEFB2060051C282 /* CustomMenuStyle.swift */,
			);
			path = Modifiers;
			sourceTree = "<group>";
		};
		0B4BD93F2BE6752000CA8564 /* Extensions */ = {
			isa = PBXGroup;
			children = (
				0B4BD9402BE6758500CA8564 /* Color.swift */,
			);
			path = Extensions;
			sourceTree = "<group>";
		};
		A2A307B92BE711C100C99DF2 /* Models */ = {
			isa = PBXGroup;
			children = (
				A2B235472BE7FDF60088FF0D /* Book.swift */,
				A2A307BB2BE711EE00C99DF2 /* BookTrackerModel.swift */,
				A2A307CC2BE71DD300C99DF2 /* User.swift */,
			);
			path = Models;
			sourceTree = "<group>";
		};
		A2A307BA2BE711CC00C99DF2 /* ViewModels */ = {
			isa = PBXGroup;
			children = (
				A2A307CE2BE71E3F00C99DF2 /* AuthViewModel.swift */,
				A2B235392BE7FDCA0088FF0D /* BookManager.swift */,
				A2B2354D2BE7FE060088FF0D /* BookSearchManager.swift */,
				A2D6217C2BE9883A006DBB06 /* BooksListViewModel.swift */,
				A2A307BD2BE7122000C99DF2 /* BookTrackerViewModel.swift */,
				A2B235512BE7FE100088FF0D /* VideoCaptureView.swift */,
				A2B235452BE7FDF10088FF0D /* URLExtensions.swift */,
				A2B2354F2BE7FE0B0088FF0D /* Coordinator.swift */,
			);
			path = ViewModels;
			sourceTree = "<group>";
		};
		A2B235032BE723200088FF0D /* Frameworks */ = {
			isa = PBXGroup;
			children = (
			);
			name = Frameworks;
			sourceTree = "<group>";
		};
		A2EA5A452BE561A3008956F8 = {
			isa = PBXGroup;
			children = (
				A2EA5A502BE561A3008956F8 /* PageTurnerBooks */,
				A2EA5A4F2BE561A3008956F8 /* Products */,
				A2B235032BE723200088FF0D /* Frameworks */,
			);
			sourceTree = "<group>";
		};
		A2EA5A4F2BE561A3008956F8 /* Products */ = {
			isa = PBXGroup;
			children = (
				A2EA5A4E2BE561A3008956F8 /* PageTurnerBooks.app */,
			);
			name = Products;
			sourceTree = "<group>";
		};
		A2EA5A502BE561A3008956F8 /* PageTurnerBooks */ = {
			isa = PBXGroup;
			children = (
				A2B235592BE813360088FF0D /* Info.plist */,
				A2B235552BE8072E0088FF0D /* GoogleService-Info.plist */,
				A2EA5A802BE56A11008956F8 /* Components */,
				0B4BD93F2BE6752000CA8564 /* Extensions */,
				A2A307B92BE711C100C99DF2 /* Models */,
				0B4BD93E2BE6751300CA8564 /* Modifiers */,
				A2A307BA2BE711CC00C99DF2 /* ViewModels */,
				A2EA5A5F2BE565A3008956F8 /* Views */,
				0B4BD93D2BE674FF00CA8564 /* Resources */,
				A2EA5A512BE561A3008956F8 /* PageTurnerBooksApp.swift */,
				A2EA5A572BE561A4008956F8 /* Preview Content */,
			);
			path = PageTurnerBooks;
			sourceTree = "<group>";
		};
		A2EA5A572BE561A4008956F8 /* Preview Content */ = {
			isa = PBXGroup;
			children = (
				A2EA5A582BE561A4008956F8 /* Preview Assets.xcassets */,
			);
			path = "Preview Content";
			sourceTree = "<group>";
		};
		A2EA5A5F2BE565A3008956F8 /* Views */ = {
			isa = PBXGroup;
			children = (
				0B4F6C772BE968AA001B7D2D /* BookSearchView.swift */,
				A2B235492BE7FDFB0088FF0D /* BarcodeScannerView.swift */,
				A2B2353F2BE7FDDD0088FF0D /* SearchBarView.swift */,
				A2EA5A622BE5662B008956F8 /* AccountView.swift */,
				A2B2354B2BE7FE000088FF0D /* BarcodeOverlay.swift */,
				A2B235432BE7FDEA0088FF0D /* BookDetailsComponent.swift */,
				A2B235372BE7FDC30088FF0D /* BookDetailView.swift */,
				A2B235412BE7FDE30088FF0D /* BookRow.swift */,
				A2B2353D2BE7FDD80088FF0D /* ContentView.swift */,
				A2EA5A682BE566F4008956F8 /* HomePageView.swift */,
				A2EA5A6A2BE5670B008956F8 /* LandingPageView.swift */,
				A2EA5A6C2BE56726008956F8 /* ListCurrentlyReadingView.swift */,
				A2EA5A6E2BE5673D008956F8 /* ListFinishedReadingView.swift */,
				A2EA5A722BE5676C008956F8 /* ListWantToReadView.swift */,
				A2EA5A702BE56755008956F8 /* ListsView.swift */,
				0BA5012B2BE67A300049DB7F /* NavBar.swift */,
				A2EA5A7A2BE567BC008956F8 /* SignInView.swift */,
				A2EA5A7C2BE567CC008956F8 /* SignUpView.swift */,
				A2EA5A7E2BE567DE008956F8 /* TrackerView.swift */,
			);
			path = Views;
			sourceTree = "<group>";
		};
		A2EA5A802BE56A11008956F8 /* Components */ = {
			isa = PBXGroup;
			children = (
				A2EA5A662BE566D2008956F8 /* PrimaryButton.swift */,
				0B4012812BEA5B13001DAA3C /* SecondaryButton.swift */,
				0B4012832BEA5B27001DAA3C /* SmallPrimaryButton.swift */,
				0B40127F2BEA5B00001DAA3C /* WarningButton.swift */,
				0B40127B2BEA550A001DAA3C /* InputField.swift */,
				0B40128B2BEA9F70001DAA3C /* RotateLogo.swift */,
			);
			path = Components;
			sourceTree = "<group>";
		};
/* End PBXGroup section */

/* Begin PBXNativeTarget section */
		A2EA5A4D2BE561A3008956F8 /* PageTurnerBooks */ = {
			isa = PBXNativeTarget;
			buildConfigurationList = A2EA5A5C2BE561A4008956F8 /* Build configuration list for PBXNativeTarget "PageTurnerBooks" */;
			buildPhases = (
				A2EA5A4A2BE561A3008956F8 /* Sources */,
				A2EA5A4B2BE561A3008956F8 /* Frameworks */,
				A2EA5A4C2BE561A3008956F8 /* Resources */,
			);
			buildRules = (
			);
			dependencies = (
			);
			name = PageTurnerBooks;
			packageProductDependencies = (
				A2B235042BE723200088FF0D /* FirebaseFirestoreSwift */,
				A2B235062BE7233A0088FF0D /* FirebaseAuth */,
				A2B2350A2BE723510088FF0D /* FirebaseAuthCombine-Community */,
				A2B2350E2BE723510088FF0D /* FirebaseDatabase */,
				A2B235102BE723510088FF0D /* FirebaseDatabaseSwift */,
				A2B235142BE723510088FF0D /* FirebaseFirestore */,
				A2B235162BE723510088FF0D /* FirebaseFirestoreCombine-Community */,
				A2B235202BE723510088FF0D /* FirebaseInstallations */,
				A2B2352C2BE723510088FF0D /* FirebaseStorage */,
				A2B2352E2BE723510088FF0D /* FirebaseStorageCombine-Community */,
			);
			productName = PageTurnerBooks;
			productReference = A2EA5A4E2BE561A3008956F8 /* PageTurnerBooks.app */;
			productType = "com.apple.product-type.application";
		};
/* End PBXNativeTarget section */

/* Begin PBXProject section */
		A2EA5A462BE561A3008956F8 /* Project object */ = {
			isa = PBXProject;
			attributes = {
				BuildIndependentTargetsInParallel = 1;
				LastSwiftUpdateCheck = 1520;
				LastUpgradeCheck = 1520;
				TargetAttributes = {
					A2EA5A4D2BE561A3008956F8 = {
						CreatedOnToolsVersion = 15.2;
					};
				};
			};
			buildConfigurationList = A2EA5A492BE561A3008956F8 /* Build configuration list for PBXProject "PageTurnerBooks" */;
			compatibilityVersion = "Xcode 14.0";
			developmentRegion = en;
			hasScannedForEncodings = 0;
			knownRegions = (
				en,
				Base,
			);
			mainGroup = A2EA5A452BE561A3008956F8;
			packageReferences = (
				A2A307BF2BE7195E00C99DF2 /* XCRemoteSwiftPackageReference "firebase-ios-sdk" */,
			);
			productRefGroup = A2EA5A4F2BE561A3008956F8 /* Products */;
			projectDirPath = "";
			projectRoot = "";
			targets = (
				A2EA5A4D2BE561A3008956F8 /* PageTurnerBooks */,
			);
		};
/* End PBXProject section */

/* Begin PBXResourcesBuildPhase section */
		A2EA5A4C2BE561A3008956F8 /* Resources */ = {
			isa = PBXResourcesBuildPhase;
			buildActionMask = 2147483647;
			files = (
				A2EA5A592BE561A4008956F8 /* Preview Assets.xcassets in Resources */,
				A2B235562BE8072E0088FF0D /* GoogleService-Info.plist in Resources */,
				A2EA5A562BE561A4008956F8 /* Assets.xcassets in Resources */,
			);
			runOnlyForDeploymentPostprocessing = 0;
		};
/* End PBXResourcesBuildPhase section */

/* Begin PBXSourcesBuildPhase section */
		A2EA5A4A2BE561A3008956F8 /* Sources */ = {
			isa = PBXSourcesBuildPhase;
			buildActionMask = 2147483647;
			files = (
				A2B2353A2BE7FDCA0088FF0D /* BookManager.swift in Sources */,
				A2EA5A7F2BE567DE008956F8 /* TrackerView.swift in Sources */,
				A2B2354A2BE7FDFB0088FF0D /* BarcodeScannerView.swift in Sources */,
				A2B2353E2BE7FDD80088FF0D /* ContentView.swift in Sources */,
				A2B235442BE7FDEA0088FF0D /* BookDetailsComponent.swift in Sources */,
				0BA5012C2BE67A300049DB7F /* NavBar.swift in Sources */,
				0B4012822BEA5B13001DAA3C /* SecondaryButton.swift in Sources */,
				0B4F6C782BE968AA001B7D2D /* BookSearchView.swift in Sources */,
				A2EA5A732BE5676C008956F8 /* ListWantToReadView.swift in Sources */,
				A2EA5A6F2BE5673D008956F8 /* ListFinishedReadingView.swift in Sources */,
				A2B235382BE7FDC30088FF0D /* BookDetailView.swift in Sources */,
				0B1040F32BEFB2060051C282 /* CustomMenuStyle.swift in Sources */,
				0B40127C2BEA550A001DAA3C /* InputField.swift in Sources */,
				A2B235422BE7FDE30088FF0D /* BookRow.swift in Sources */,
				A2EA5A712BE56755008956F8 /* ListsView.swift in Sources */,
				A2B235502BE7FE0B0088FF0D /* Coordinator.swift in Sources */,
				0B4012862BEA6199001DAA3C /* PrimaryButtonStyle.swift in Sources */,
				A2D6217D2BE9883A006DBB06 /* BooksListViewModel.swift in Sources */,
				0B4012802BEA5B00001DAA3C /* WarningButton.swift in Sources */,
				A2B235482BE7FDF60088FF0D /* Book.swift in Sources */,
				A2EA5A6B2BE5670B008956F8 /* LandingPageView.swift in Sources */,
				0B4012842BEA5B27001DAA3C /* SmallPrimaryButton.swift in Sources */,
				A2B2354C2BE7FE000088FF0D /* BarcodeOverlay.swift in Sources */,
				A2EA5A672BE566D2008956F8 /* PrimaryButton.swift in Sources */,
				A2A307BE2BE7122000C99DF2 /* BookTrackerViewModel.swift in Sources */,
				A2B235462BE7FDF10088FF0D /* URLExtensions.swift in Sources */,
				0BE3D7552BEBBEF80099FC01 /* Flip.swift in Sources */,
				A2A307CD2BE71DD300C99DF2 /* User.swift in Sources */,
				A2EA5A7B2BE567BC008956F8 /* SignInView.swift in Sources */,
				A2B235402BE7FDDE0088FF0D /* SearchBarView.swift in Sources */,
				A2EA5A692BE566F4008956F8 /* HomePageView.swift in Sources */,
				A2EA5A6D2BE56726008956F8 /* ListCurrentlyReadingView.swift in Sources */,
				A2A307BC2BE711EE00C99DF2 /* BookTrackerModel.swift in Sources */,
				0B40128A2BEA62BF001DAA3C /* SecondaryButtonStyle.swift in Sources */,
				A2A307CF2BE71E3F00C99DF2 /* AuthViewModel.swift in Sources */,
				0B40128C2BEA9F70001DAA3C /* RotateLogo.swift in Sources */,
				0BE3D7572BEBE3250099FC01 /* DisabledButtonStyle.swift in Sources */,
				A2EA5A522BE561A3008956F8 /* PageTurnerBooksApp.swift in Sources */,
				A2EA5A7D2BE567CC008956F8 /* SignUpView.swift in Sources */,
				A2EA5A632BE5662B008956F8 /* AccountView.swift in Sources */,
				A2B235522BE7FE100088FF0D /* VideoCaptureView.swift in Sources */,
				A2B2354E2BE7FE060088FF0D /* BookSearchManager.swift in Sources */,
				0B4BD9412BE6758500CA8564 /* Color.swift in Sources */,
			);
			runOnlyForDeploymentPostprocessing = 0;
		};
/* End PBXSourcesBuildPhase section */

/* Begin XCBuildConfiguration section */
		A2EA5A5A2BE561A4008956F8 /* Debug */ = {
			isa = XCBuildConfiguration;
			buildSettings = {
				ALWAYS_SEARCH_USER_PATHS = NO;
				ASSETCATALOG_COMPILER_GENERATE_SWIFT_ASSET_SYMBOL_EXTENSIONS = YES;
				CLANG_ANALYZER_NONNULL = YES;
				CLANG_ANALYZER_NUMBER_OBJECT_CONVERSION = YES_AGGRESSIVE;
				CLANG_CXX_LANGUAGE_STANDARD = "gnu++20";
				CLANG_ENABLE_MODULES = YES;
				CLANG_ENABLE_OBJC_ARC = YES;
				CLANG_ENABLE_OBJC_WEAK = YES;
				CLANG_WARN_BLOCK_CAPTURE_AUTORELEASING = YES;
				CLANG_WARN_BOOL_CONVERSION = YES;
				CLANG_WARN_COMMA = YES;
				CLANG_WARN_CONSTANT_CONVERSION = YES;
				CLANG_WARN_DEPRECATED_OBJC_IMPLEMENTATIONS = YES;
				CLANG_WARN_DIRECT_OBJC_ISA_USAGE = YES_ERROR;
				CLANG_WARN_DOCUMENTATION_COMMENTS = YES;
				CLANG_WARN_EMPTY_BODY = YES;
				CLANG_WARN_ENUM_CONVERSION = YES;
				CLANG_WARN_INFINITE_RECURSION = YES;
				CLANG_WARN_INT_CONVERSION = YES;
				CLANG_WARN_NON_LITERAL_NULL_CONVERSION = YES;
				CLANG_WARN_OBJC_IMPLICIT_RETAIN_SELF = YES;
				CLANG_WARN_OBJC_LITERAL_CONVERSION = YES;
				CLANG_WARN_OBJC_ROOT_CLASS = YES_ERROR;
				CLANG_WARN_QUOTED_INCLUDE_IN_FRAMEWORK_HEADER = YES;
				CLANG_WARN_RANGE_LOOP_ANALYSIS = YES;
				CLANG_WARN_STRICT_PROTOTYPES = YES;
				CLANG_WARN_SUSPICIOUS_MOVE = YES;
				CLANG_WARN_UNGUARDED_AVAILABILITY = YES_AGGRESSIVE;
				CLANG_WARN_UNREACHABLE_CODE = YES;
				CLANG_WARN__DUPLICATE_METHOD_MATCH = YES;
				COPY_PHASE_STRIP = NO;
				DEBUG_INFORMATION_FORMAT = dwarf;
				ENABLE_STRICT_OBJC_MSGSEND = YES;
				ENABLE_TESTABILITY = YES;
				ENABLE_USER_SCRIPT_SANDBOXING = YES;
				GCC_C_LANGUAGE_STANDARD = gnu17;
				GCC_DYNAMIC_NO_PIC = NO;
				GCC_NO_COMMON_BLOCKS = YES;
				GCC_OPTIMIZATION_LEVEL = 0;
				GCC_PREPROCESSOR_DEFINITIONS = (
					"DEBUG=1",
					"$(inherited)",
				);
				GCC_WARN_64_TO_32_BIT_CONVERSION = YES;
				GCC_WARN_ABOUT_RETURN_TYPE = YES_ERROR;
				GCC_WARN_UNDECLARED_SELECTOR = YES;
				GCC_WARN_UNINITIALIZED_AUTOS = YES_AGGRESSIVE;
				GCC_WARN_UNUSED_FUNCTION = YES;
				GCC_WARN_UNUSED_VARIABLE = YES;
				IPHONEOS_DEPLOYMENT_TARGET = 17.2;
				LOCALIZATION_PREFERS_STRING_CATALOGS = YES;
				MTL_ENABLE_DEBUG_INFO = INCLUDE_SOURCE;
				MTL_FAST_MATH = YES;
				ONLY_ACTIVE_ARCH = YES;
				SDKROOT = iphoneos;
				SWIFT_ACTIVE_COMPILATION_CONDITIONS = "DEBUG $(inherited)";
				SWIFT_OPTIMIZATION_LEVEL = "-Onone";
			};
			name = Debug;
		};
		A2EA5A5B2BE561A4008956F8 /* Release */ = {
			isa = XCBuildConfiguration;
			buildSettings = {
				ALWAYS_SEARCH_USER_PATHS = NO;
				ASSETCATALOG_COMPILER_GENERATE_SWIFT_ASSET_SYMBOL_EXTENSIONS = YES;
				CLANG_ANALYZER_NONNULL = YES;
				CLANG_ANALYZER_NUMBER_OBJECT_CONVERSION = YES_AGGRESSIVE;
				CLANG_CXX_LANGUAGE_STANDARD = "gnu++20";
				CLANG_ENABLE_MODULES = YES;
				CLANG_ENABLE_OBJC_ARC = YES;
				CLANG_ENABLE_OBJC_WEAK = YES;
				CLANG_WARN_BLOCK_CAPTURE_AUTORELEASING = YES;
				CLANG_WARN_BOOL_CONVERSION = YES;
				CLANG_WARN_COMMA = YES;
				CLANG_WARN_CONSTANT_CONVERSION = YES;
				CLANG_WARN_DEPRECATED_OBJC_IMPLEMENTATIONS = YES;
				CLANG_WARN_DIRECT_OBJC_ISA_USAGE = YES_ERROR;
				CLANG_WARN_DOCUMENTATION_COMMENTS = YES;
				CLANG_WARN_EMPTY_BODY = YES;
				CLANG_WARN_ENUM_CONVERSION = YES;
				CLANG_WARN_INFINITE_RECURSION = YES;
				CLANG_WARN_INT_CONVERSION = YES;
				CLANG_WARN_NON_LITERAL_NULL_CONVERSION = YES;
				CLANG_WARN_OBJC_IMPLICIT_RETAIN_SELF = YES;
				CLANG_WARN_OBJC_LITERAL_CONVERSION = YES;
				CLANG_WARN_OBJC_ROOT_CLASS = YES_ERROR;
				CLANG_WARN_QUOTED_INCLUDE_IN_FRAMEWORK_HEADER = YES;
				CLANG_WARN_RANGE_LOOP_ANALYSIS = YES;
				CLANG_WARN_STRICT_PROTOTYPES = YES;
				CLANG_WARN_SUSPICIOUS_MOVE = YES;
				CLANG_WARN_UNGUARDED_AVAILABILITY = YES_AGGRESSIVE;
				CLANG_WARN_UNREACHABLE_CODE = YES;
				CLANG_WARN__DUPLICATE_METHOD_MATCH = YES;
				COPY_PHASE_STRIP = NO;
				DEBUG_INFORMATION_FORMAT = "dwarf-with-dsym";
				ENABLE_NS_ASSERTIONS = NO;
				ENABLE_STRICT_OBJC_MSGSEND = YES;
				ENABLE_USER_SCRIPT_SANDBOXING = YES;
				GCC_C_LANGUAGE_STANDARD = gnu17;
				GCC_NO_COMMON_BLOCKS = YES;
				GCC_WARN_64_TO_32_BIT_CONVERSION = YES;
				GCC_WARN_ABOUT_RETURN_TYPE = YES_ERROR;
				GCC_WARN_UNDECLARED_SELECTOR = YES;
				GCC_WARN_UNINITIALIZED_AUTOS = YES_AGGRESSIVE;
				GCC_WARN_UNUSED_FUNCTION = YES;
				GCC_WARN_UNUSED_VARIABLE = YES;
				IPHONEOS_DEPLOYMENT_TARGET = 17.2;
				LOCALIZATION_PREFERS_STRING_CATALOGS = YES;
				MTL_ENABLE_DEBUG_INFO = NO;
				MTL_FAST_MATH = YES;
				SDKROOT = iphoneos;
				SWIFT_COMPILATION_MODE = wholemodule;
				VALIDATE_PRODUCT = YES;
			};
			name = Release;
		};
		A2EA5A5D2BE561A4008956F8 /* Debug */ = {
			isa = XCBuildConfiguration;
			buildSettings = {
				ASSETCATALOG_COMPILER_APPICON_NAME = AppIcon;
				ASSETCATALOG_COMPILER_GLOBAL_ACCENT_COLOR_NAME = AccentColor;
				CODE_SIGN_STYLE = Automatic;
				CURRENT_PROJECT_VERSION = 1;
				DEVELOPMENT_ASSET_PATHS = "\"PageTurnerBooks/Preview Content\"";
				DEVELOPMENT_TEAM = 9RYK768TSR;
				ENABLE_PREVIEWS = YES;
				GENERATE_INFOPLIST_FILE = YES;
				INFOPLIST_FILE = PageTurnerBooks/Info.plist;
				INFOPLIST_KEY_UIApplicationSupportsIndirectInputEvents = YES;
				INFOPLIST_KEY_UILaunchScreen_Generation = YES;
				INFOPLIST_KEY_UISupportedInterfaceOrientations_iPad = "UIInterfaceOrientationPortrait UIInterfaceOrientationPortraitUpsideDown UIInterfaceOrientationLandscapeLeft UIInterfaceOrientationLandscapeRight";
				INFOPLIST_KEY_UISupportedInterfaceOrientations_iPhone = "UIInterfaceOrientationPortrait UIInterfaceOrientationLandscapeLeft UIInterfaceOrientationLandscapeRight";
				LD_RUNPATH_SEARCH_PATHS = (
					"$(inherited)",
					"@executable_path/Frameworks",
				);
				MARKETING_VERSION = 1.0;
				PRODUCT_BUNDLE_IDENTIFIER = BMB.PageTurnerBooks;
				PRODUCT_NAME = "$(TARGET_NAME)";
				SWIFT_EMIT_LOC_STRINGS = YES;
				SWIFT_VERSION = 5.0;
				TARGETED_DEVICE_FAMILY = "1,2";
			};
			name = Debug;
		};
		A2EA5A5E2BE561A4008956F8 /* Release */ = {
			isa = XCBuildConfiguration;
			buildSettings = {
				ASSETCATALOG_COMPILER_APPICON_NAME = AppIcon;
				ASSETCATALOG_COMPILER_GLOBAL_ACCENT_COLOR_NAME = AccentColor;
				CODE_SIGN_STYLE = Automatic;
				CURRENT_PROJECT_VERSION = 1;
				DEVELOPMENT_ASSET_PATHS = "\"PageTurnerBooks/Preview Content\"";
				DEVELOPMENT_TEAM = 9RYK768TSR;
				ENABLE_PREVIEWS = YES;
				GENERATE_INFOPLIST_FILE = YES;
				INFOPLIST_FILE = PageTurnerBooks/Info.plist;
				INFOPLIST_KEY_UIApplicationSupportsIndirectInputEvents = YES;
				INFOPLIST_KEY_UILaunchScreen_Generation = YES;
				INFOPLIST_KEY_UISupportedInterfaceOrientations_iPad = "UIInterfaceOrientationPortrait UIInterfaceOrientationPortraitUpsideDown UIInterfaceOrientationLandscapeLeft UIInterfaceOrientationLandscapeRight";
				INFOPLIST_KEY_UISupportedInterfaceOrientations_iPhone = "UIInterfaceOrientationPortrait UIInterfaceOrientationLandscapeLeft UIInterfaceOrientationLandscapeRight";
				LD_RUNPATH_SEARCH_PATHS = (
					"$(inherited)",
					"@executable_path/Frameworks",
				);
				MARKETING_VERSION = 1.0;
				PRODUCT_BUNDLE_IDENTIFIER = BMB.PageTurnerBooks;
				PRODUCT_NAME = "$(TARGET_NAME)";
				SWIFT_EMIT_LOC_STRINGS = YES;
				SWIFT_VERSION = 5.0;
				TARGETED_DEVICE_FAMILY = "1,2";
			};
			name = Release;
		};
/* End XCBuildConfiguration section */

/* Begin XCConfigurationList section */
		A2EA5A492BE561A3008956F8 /* Build configuration list for PBXProject "PageTurnerBooks" */ = {
			isa = XCConfigurationList;
			buildConfigurations = (
				A2EA5A5A2BE561A4008956F8 /* Debug */,
				A2EA5A5B2BE561A4008956F8 /* Release */,
			);
			defaultConfigurationIsVisible = 0;
			defaultConfigurationName = Release;
		};
		A2EA5A5C2BE561A4008956F8 /* Build configuration list for PBXNativeTarget "PageTurnerBooks" */ = {
			isa = XCConfigurationList;
			buildConfigurations = (
				A2EA5A5D2BE561A4008956F8 /* Debug */,
				A2EA5A5E2BE561A4008956F8 /* Release */,
			);
			defaultConfigurationIsVisible = 0;
			defaultConfigurationName = Release;
		};
/* End XCConfigurationList section */

/* Begin XCRemoteSwiftPackageReference section */
		A2A307BF2BE7195E00C99DF2 /* XCRemoteSwiftPackageReference "firebase-ios-sdk" */ = {
			isa = XCRemoteSwiftPackageReference;
			repositoryURL = "https://github.com/firebase/firebase-ios-sdk";
			requirement = {
				kind = upToNextMajorVersion;
				minimumVersion = 10.25.0;
			};
		};
/* End XCRemoteSwiftPackageReference section */

/* Begin XCSwiftPackageProductDependency section */
		A2B235042BE723200088FF0D /* FirebaseFirestoreSwift */ = {
			isa = XCSwiftPackageProductDependency;
			package = A2A307BF2BE7195E00C99DF2 /* XCRemoteSwiftPackageReference "firebase-ios-sdk" */;
			productName = FirebaseFirestoreSwift;
		};
		A2B235062BE7233A0088FF0D /* FirebaseAuth */ = {
			isa = XCSwiftPackageProductDependency;
			package = A2A307BF2BE7195E00C99DF2 /* XCRemoteSwiftPackageReference "firebase-ios-sdk" */;
			productName = FirebaseAuth;
		};
		A2B2350A2BE723510088FF0D /* FirebaseAuthCombine-Community */ = {
			isa = XCSwiftPackageProductDependency;
			package = A2A307BF2BE7195E00C99DF2 /* XCRemoteSwiftPackageReference "firebase-ios-sdk" */;
			productName = "FirebaseAuthCombine-Community";
		};
		A2B2350E2BE723510088FF0D /* FirebaseDatabase */ = {
			isa = XCSwiftPackageProductDependency;
			package = A2A307BF2BE7195E00C99DF2 /* XCRemoteSwiftPackageReference "firebase-ios-sdk" */;
			productName = FirebaseDatabase;
		};
		A2B235102BE723510088FF0D /* FirebaseDatabaseSwift */ = {
			isa = XCSwiftPackageProductDependency;
			package = A2A307BF2BE7195E00C99DF2 /* XCRemoteSwiftPackageReference "firebase-ios-sdk" */;
			productName = FirebaseDatabaseSwift;
		};
		A2B235142BE723510088FF0D /* FirebaseFirestore */ = {
			isa = XCSwiftPackageProductDependency;
			package = A2A307BF2BE7195E00C99DF2 /* XCRemoteSwiftPackageReference "firebase-ios-sdk" */;
			productName = FirebaseFirestore;
		};
		A2B235162BE723510088FF0D /* FirebaseFirestoreCombine-Community */ = {
			isa = XCSwiftPackageProductDependency;
			package = A2A307BF2BE7195E00C99DF2 /* XCRemoteSwiftPackageReference "firebase-ios-sdk" */;
			productName = "FirebaseFirestoreCombine-Community";
		};
		A2B235202BE723510088FF0D /* FirebaseInstallations */ = {
			isa = XCSwiftPackageProductDependency;
			package = A2A307BF2BE7195E00C99DF2 /* XCRemoteSwiftPackageReference "firebase-ios-sdk" */;
			productName = FirebaseInstallations;
		};
		A2B2352C2BE723510088FF0D /* FirebaseStorage */ = {
			isa = XCSwiftPackageProductDependency;
			package = A2A307BF2BE7195E00C99DF2 /* XCRemoteSwiftPackageReference "firebase-ios-sdk" */;
			productName = FirebaseStorage;
		};
		A2B2352E2BE723510088FF0D /* FirebaseStorageCombine-Community */ = {
			isa = XCSwiftPackageProductDependency;
			package = A2A307BF2BE7195E00C99DF2 /* XCRemoteSwiftPackageReference "firebase-ios-sdk" */;
			productName = "FirebaseStorageCombine-Community";
		};
/* End XCSwiftPackageProductDependency section */
	};
	rootObject = A2EA5A462BE561A3008956F8 /* Project object */;
}
